{
    "_meta": {
        "hash": {
            "sha256": "5a4fb50741272a7a73b49111a10418c48d85010f2abb73a87fd6a09211d86c5c"
        },
        "pipfile-spec": 6,
        "requires": {
            "python_version": "3.6"
        },
        "sources": [
            {
                "name": "pypi",
                "url": "https://pypi.org/simple",
                "verify_ssl": true
            }
        ]
    },
    "default": {
        "et-xmlfile": {
            "hashes": [
                "sha256:614d9722d572f6246302c4491846d2c393c199cfa4edc9af593437691683335b"
            ],
            "version": "==1.0.1"
        },
        "jdcal": {
            "hashes": [
                "sha256:1abf1305fce18b4e8aa248cf8fe0c56ce2032392bc64bbd61b5dff2a19ec8bba",
                "sha256:472872e096eb8df219c23f2689fc336668bdb43d194094b5cc1707e1640acfc8"
            ],
            "version": "==1.4.1"
        },
        "openpyxl": {
            "hashes": [
                "sha256:72d1ed243972cad0b3c236230083cac00d9c72804e64a2ae93d7901aec1a8f1c"
            ],
            "index": "pypi",
            "version": "==2.6.3"
        },
        "xlrd": {
            "hashes": [
                "sha256:546eb36cee8db40c3eaa46c351e67ffee6eeb5fa2650b71bc4c758a29a1b29b2",
                "sha256:e551fb498759fa3a5384a94ccd4c3c02eb7c00ea424426e212ac0c57be9dfbde"
            ],
            "index": "pypi",
            "version": "==1.2.0"
        },
        "xlsxwriter": {
            "hashes": [
                "sha256:22904d1284b82426ed43b2ada0ff60f99c4736634acb7fc1584caf07789e55ac",
                "sha256:e60be95ee38e81916d7c67f658902f9e51322400be20cf0563837f69a63ad3c5"
            ],
            "index": "pypi",
            "version": "==1.2.0"
        }
    },
    "develop": {}
}
